
Microsoft Visual Studio Solution File, Format Version 12.00
# Visual Studio Version 17
VisualStudioVersion = 17.2.32630.192
MinimumVisualStudioVersion = 10.0.40219.1
Project("{FAE04EC0-301F-11D3-BF4B-00C04F79EFBC}") = "Game", "Oyun\Game.csproj", "{C455E7EB-7526-4B8D-8E98-968645D5B99F}"
EndProject
Global
	GlobalSection(SolutionConfigurationPlatforms) = preSolution
		Debug|Any CPU = Debug|Any CPU
		Release|Any CPU = Release|Any CPU
	EndGlobalSection
	GlobalSection(ProjectConfigurationPlatforms) = postSolution
		{C455E7EB-7526-4B8D-8E98-968645D5B99F}.Debug|Any CPU.ActiveCfg = Debug|Any CPU
		{C455E7EB-7526-4B8D-8E98-968645D5B99F}.Debug|Any CPU.Build.0 = Debug|Any CPU
		{C455E7EB-7526-4B8D-8E98-968645D5B99F}.Release|Any CPU.ActiveCfg = Release|Any CPU
		{C455E7EB-7526-4B8D-8E98-968645D5B99F}.Release|Any CPU.Build.0 = Release|Any CPU
	EndGlobalSection
	GlobalSection(SolutionProperties) = preSolution
		HideSolutionNode = FALSE
	EndGlobalSection
	GlobalSection(ExtensibilityGlobals) = postSolution
		SolutionGuid = {6FFBEC54-C89F-4B9A-B3E0-4DE5BFC108CF}
	EndGlobalSection
EndGlobal
